// !$*UTF8*$!
{
	archiveVersion = 1;
	classes = {
	};
	objectVersion = 46;
	objects = {

/* Begin PBXBuildFile section */
		964D983B1AD05B8C000C82E0 /* AppDelegate.m in Sources */ = {isa = PBXBuildFile; fileRef = 964D983A1AD05B8C000C82E0 /* AppDelegate.m */; };
		964D983D1AD05B8C000C82E0 /* main.m in Sources */ = {isa = PBXBuildFile; fileRef = 964D983C1AD05B8C000C82E0 /* main.m */; };
		964D98421AD05B8C000C82E0 /* MainMenu.xib in Resources */ = {isa = PBXBuildFile; fileRef = 964D98401AD05B8C000C82E0 /* MainMenu.xib */; };
		964D98591AD05BC0000C82E0 /* AppController.m in Sources */ = {isa = PBXBuildFile; fileRef = 964D98581AD05BC0000C82E0 /* AppController.m */; };
		964D985D1AD05C67000C82E0 /* SJSourceDemo.m in Sources */ = {isa = PBXBuildFile; fileRef = 964D985C1AD05C67000C82E0 /* SJSourceDemo.m */; };
		965B285D1AD401FA00615110 /* ManualSharingService.m in Sources */ = {isa = PBXBuildFile; fileRef = 965B285C1AD401FA00615110 /* ManualSharingService.m */; };
		968AE1261BCEDF1D00927383 /* Main.m in Sources */ = {isa = PBXBuildFile; fileRef = 968AE1191BCEDF1D00927383 /* Main.m */; settings = {ASSET_TAGS = (); }; };
		968AE1271BCEDF1D00927383 /* ioapi.c in Sources */ = {isa = PBXBuildFile; fileRef = 968AE11C1BCEDF1D00927383 /* ioapi.c */; settings = {ASSET_TAGS = (); }; };
		968AE1281BCEDF1D00927383 /* mztools.c in Sources */ = {isa = PBXBuildFile; fileRef = 968AE11E1BCEDF1D00927383 /* mztools.c */; settings = {ASSET_TAGS = (); }; };
		968AE1291BCEDF1D00927383 /* unzip.c in Sources */ = {isa = PBXBuildFile; fileRef = 968AE1201BCEDF1D00927383 /* unzip.c */; settings = {ASSET_TAGS = (); }; };
		968AE12A1BCEDF1D00927383 /* zip.c in Sources */ = {isa = PBXBuildFile; fileRef = 968AE1221BCEDF1D00927383 /* zip.c */; settings = {ASSET_TAGS = (); }; };
		96935BF11BCECEA300BBA0DC /* libz.tbd in Frameworks */ = {isa = PBXBuildFile; fileRef = 96935BF01BCECEA300BBA0DC /* libz.tbd */; };
		96B9CA061AD2C12E00595DE3 /* ud.plist in Resources */ = {isa = PBXBuildFile; fileRef = 96B9CA051AD2C12E00595DE3 /* ud.plist */; };
		96B9CA091AD2CE3800595DE3 /* PathTransformer.m in Sources */ = {isa = PBXBuildFile; fileRef = 96B9CA081AD2CE3800595DE3 /* PathTransformer.m */; };
		96B9CA141AD3149200595DE3 /* NSSharingServicePicker+ESSSharingServicePickerMenu.m in Sources */ = {isa = PBXBuildFile; fileRef = 96B9CA131AD3149200595DE3 /* NSSharingServicePicker+ESSSharingServicePickerMenu.m */; };
		96D833771BCEDC7900815755 /* WAYTheDarkSide.m in Sources */ = {isa = PBXBuildFile; fileRef = 96D833761BCEDC7900815755 /* WAYTheDarkSide.m */; settings = {ASSET_TAGS = (); }; };
		96E91BF81AD140E200076272 /* FilenameValueTransformer.m in Sources */ = {isa = PBXBuildFile; fileRef = 96E91BF71AD140E200076272 /* FilenameValueTransformer.m */; };
		96E91BFB1AD14FD700076272 /* TableView.m in Sources */ = {isa = PBXBuildFile; fileRef = 96E91BFA1AD14FD700076272 /* TableView.m */; };
/* End PBXBuildFile section */

/* Begin PBXCopyFilesBuildPhase section */
		968AE1151BCEDE5700927383 /* Embed Frameworks */ = {
			isa = PBXCopyFilesBuildPhase;
			buildActionMask = 2147483647;
			dstPath = "";
			dstSubfolderSpec = 10;
			files = (
			);
			name = "Embed Frameworks";
			runOnlyForDeploymentPostprocessing = 0;
		};
/* End PBXCopyFilesBuildPhase section */

/* Begin PBXFileReference section */
		964D98341AD05B8C000C82E0 /* CSGO Demo Manager.app */ = {isa = PBXFileReference; explicitFileType = wrapper.application; includeInIndex = 0; path = "CSGO Demo Manager.app"; sourceTree = BUILT_PRODUCTS_DIR; };
		964D98381AD05B8C000C82E0 /* Info.plist */ = {isa = PBXFileReference; lastKnownFileType = text.plist.xml; path = Info.plist; sourceTree = "<group>"; };
		964D98391AD05B8C000C82E0 /* AppDelegate.h */ = {isa = PBXFileReference; lastKnownFileType = sourcecode.c.h; path = AppDelegate.h; sourceTree = "<group>"; };
		964D983A1AD05B8C000C82E0 /* AppDelegate.m */ = {isa = PBXFileReference; lastKnownFileType = sourcecode.c.objc; path = AppDelegate.m; sourceTree = "<group>"; };
		964D983C1AD05B8C000C82E0 /* main.m */ = {isa = PBXFileReference; lastKnownFileType = sourcecode.c.objc; path = main.m; sourceTree = "<group>"; };
		964D98411AD05B8C000C82E0 /* Base */ = {isa = PBXFileReference; lastKnownFileType = file.xib; name = Base; path = Base.lproj/MainMenu.xib; sourceTree = "<group>"; };
		964D98571AD05BC0000C82E0 /* AppController.h */ = {isa = PBXFileReference; fileEncoding = 4; lastKnownFileType = sourcecode.c.h; path = AppController.h; sourceTree = "<group>"; };
		964D98581AD05BC0000C82E0 /* AppController.m */ = {isa = PBXFileReference; fileEncoding = 4; lastKnownFileType = sourcecode.c.objc; path = AppController.m; sourceTree = "<group>"; };
		964D985B1AD05C67000C82E0 /* SJSourceDemo.h */ = {isa = PBXFileReference; fileEncoding = 4; lastKnownFileType = sourcecode.c.h; path = SJSourceDemo.h; sourceTree = "<group>"; };
		964D985C1AD05C67000C82E0 /* SJSourceDemo.m */ = {isa = PBXFileReference; fileEncoding = 4; lastKnownFileType = sourcecode.c.objc; path = SJSourceDemo.m; sourceTree = "<group>"; };
		965B285B1AD401FA00615110 /* ManualSharingService.h */ = {isa = PBXFileReference; fileEncoding = 4; lastKnownFileType = sourcecode.c.h; path = ManualSharingService.h; sourceTree = "<group>"; };
		965B285C1AD401FA00615110 /* ManualSharingService.m */ = {isa = PBXFileReference; fileEncoding = 4; lastKnownFileType = sourcecode.c.objc; path = ManualSharingService.m; sourceTree = "<group>"; };
		968AE1181BCEDF1D00927383 /* Main.h */ = {isa = PBXFileReference; fileEncoding = 4; lastKnownFileType = sourcecode.c.h; path = Main.h; sourceTree = "<group>"; };
		968AE1191BCEDF1D00927383 /* Main.m */ = {isa = PBXFileReference; fileEncoding = 4; lastKnownFileType = sourcecode.c.objc; path = Main.m; sourceTree = "<group>"; };
		968AE11B1BCEDF1D00927383 /* crypt.h */ = {isa = PBXFileReference; fileEncoding = 4; lastKnownFileType = sourcecode.c.h; path = crypt.h; sourceTree = "<group>"; };
		968AE11C1BCEDF1D00927383 /* ioapi.c */ = {isa = PBXFileReference; fileEncoding = 4; lastKnownFileType = sourcecode.c.c; path = ioapi.c; sourceTree = "<group>"; };
		968AE11D1BCEDF1D00927383 /* ioapi.h */ = {isa = PBXFileReference; fileEncoding = 4; lastKnownFileType = sourcecode.c.h; path = ioapi.h; sourceTree = "<group>"; };
		968AE11E1BCEDF1D00927383 /* mztools.c */ = {isa = PBXFileReference; fileEncoding = 4; lastKnownFileType = sourcecode.c.c; path = mztools.c; sourceTree = "<group>"; };
		968AE11F1BCEDF1D00927383 /* mztools.h */ = {isa = PBXFileReference; fileEncoding = 4; lastKnownFileType = sourcecode.c.h; path = mztools.h; sourceTree = "<group>"; };
		968AE1201BCEDF1D00927383 /* unzip.c */ = {isa = PBXFileReference; fileEncoding = 4; lastKnownFileType = sourcecode.c.c; path = unzip.c; sourceTree = "<group>"; };
		968AE1211BCEDF1D00927383 /* unzip.h */ = {isa = PBXFileReference; fileEncoding = 4; lastKnownFileType = sourcecode.c.h; path = unzip.h; sourceTree = "<group>"; };
		968AE1221BCEDF1D00927383 /* zip.c */ = {isa = PBXFileReference; fileEncoding = 4; lastKnownFileType = sourcecode.c.c; path = zip.c; sourceTree = "<group>"; };
		968AE1231BCEDF1D00927383 /* zip.h */ = {isa = PBXFileReference; fileEncoding = 4; lastKnownFileType = sourcecode.c.h; path = zip.h; sourceTree = "<group>"; };
		96935BF01BCECEA300BBA0DC /* libz.tbd */ = {isa = PBXFileReference; lastKnownFileType = "sourcecode.text-based-dylib-definition"; name = libz.tbd; path = usr/lib/libz.tbd; sourceTree = SDKROOT; };
		96B9CA051AD2C12E00595DE3 /* ud.plist */ = {isa = PBXFileReference; fileEncoding = 4; lastKnownFileType = text.plist.xml; path = ud.plist; sourceTree = "<group>"; };
		96B9CA071AD2CE3800595DE3 /* PathTransformer.h */ = {isa = PBXFileReference; fileEncoding = 4; lastKnownFileType = sourcecode.c.h; path = PathTransformer.h; sourceTree = "<group>"; };
		96B9CA081AD2CE3800595DE3 /* PathTransformer.m */ = {isa = PBXFileReference; fileEncoding = 4; lastKnownFileType = sourcecode.c.objc; path = PathTransformer.m; sourceTree = "<group>"; };
		96B9CA121AD3149200595DE3 /* NSSharingServicePicker+ESSSharingServicePickerMenu.h */ = {isa = PBXFileReference; fileEncoding = 4; lastKnownFileType = sourcecode.c.h; path = "NSSharingServicePicker+ESSSharingServicePickerMenu.h"; sourceTree = "<group>"; };
		96B9CA131AD3149200595DE3 /* NSSharingServicePicker+ESSSharingServicePickerMenu.m */ = {isa = PBXFileReference; fileEncoding = 4; lastKnownFileType = sourcecode.c.objc; path = "NSSharingServicePicker+ESSSharingServicePickerMenu.m"; sourceTree = "<group>"; };
		96D833751BCEDC7900815755 /* WAYTheDarkSide.h */ = {isa = PBXFileReference; fileEncoding = 4; lastKnownFileType = sourcecode.c.h; name = WAYTheDarkSide.h; path = WAYTheDarkSide/WAYTheDarkSide.h; sourceTree = "<group>"; };
		96D833761BCEDC7900815755 /* WAYTheDarkSide.m */ = {isa = PBXFileReference; fileEncoding = 4; lastKnownFileType = sourcecode.c.objc; name = WAYTheDarkSide.m; path = WAYTheDarkSide/WAYTheDarkSide.m; sourceTree = "<group>"; };
		96E91BF61AD140E200076272 /* FilenameValueTransformer.h */ = {isa = PBXFileReference; fileEncoding = 4; lastKnownFileType = sourcecode.c.h; path = FilenameValueTransformer.h; sourceTree = "<group>"; };
		96E91BF71AD140E200076272 /* FilenameValueTransformer.m */ = {isa = PBXFileReference; fileEncoding = 4; lastKnownFileType = sourcecode.c.objc; path = FilenameValueTransformer.m; sourceTree = "<group>"; };
		96E91BF91AD14FD700076272 /* TableView.h */ = {isa = PBXFileReference; fileEncoding = 4; lastKnownFileType = sourcecode.c.h; path = TableView.h; sourceTree = "<group>"; };
		96E91BFA1AD14FD700076272 /* TableView.m */ = {isa = PBXFileReference; fileEncoding = 4; lastKnownFileType = sourcecode.c.objc; path = TableView.m; sourceTree = "<group>"; };
/* End PBXFileReference section */

/* Begin PBXFrameworksBuildPhase section */
		964D98311AD05B8C000C82E0 /* Frameworks */ = {
			isa = PBXFrameworksBuildPhase;
			buildActionMask = 2147483647;
			files = (
				96935BF11BCECEA300BBA0DC /* libz.tbd in Frameworks */,
			);
			runOnlyForDeploymentPostprocessing = 0;
		};
/* End PBXFrameworksBuildPhase section */

/* Begin PBXGroup section */
		964D982B1AD05B8C000C82E0 = {
			isa = PBXGroup;
			children = (
				964D98361AD05B8C000C82E0 /* CS:GO Demo Manager */,
				964D98351AD05B8C000C82E0 /* Products */,
			);
			sourceTree = "<group>";
		};
		964D98351AD05B8C000C82E0 /* Products */ = {
			isa = PBXGroup;
			children = (
				964D98341AD05B8C000C82E0 /* CSGO Demo Manager.app */,
			);
			name = Products;
			sourceTree = "<group>";
		};
		964D98361AD05B8C000C82E0 /* CS:GO Demo Manager */ = {
			isa = PBXGroup;
			children = (
				968AE1161BCEDF1D00927383 /* ZipArchive */,
				96935BF01BCECEA300BBA0DC /* libz.tbd */,
				96B9CA111AD3149200595DE3 /* NSSharingServicePicker+ESSSharingServicePickerMenu */,
				965B285B1AD401FA00615110 /* ManualSharingService.h */,
				965B285C1AD401FA00615110 /* ManualSharingService.m */,
				96B9CA0D1AD3049600595DE3 /* WAYTheDarkSide */,
				964D985A1AD05C67000C82E0 /* SJSourceDemo */,
				964D98391AD05B8C000C82E0 /* AppDelegate.h */,
				964D983A1AD05B8C000C82E0 /* AppDelegate.m */,
				964D98571AD05BC0000C82E0 /* AppController.h */,
				964D98581AD05BC0000C82E0 /* AppController.m */,
				96E91BF91AD14FD700076272 /* TableView.h */,
				96E91BFA1AD14FD700076272 /* TableView.m */,
				964D98401AD05B8C000C82E0 /* MainMenu.xib */,
				96E91BF61AD140E200076272 /* FilenameValueTransformer.h */,
				96E91BF71AD140E200076272 /* FilenameValueTransformer.m */,
				96B9CA071AD2CE3800595DE3 /* PathTransformer.h */,
				96B9CA081AD2CE3800595DE3 /* PathTransformer.m */,
				964D98371AD05B8C000C82E0 /* Supporting Files */,
				96B9CA051AD2C12E00595DE3 /* ud.plist */,
			);
			path = "CS:GO Demo Manager";
			sourceTree = "<group>";
		};
		964D98371AD05B8C000C82E0 /* Supporting Files */ = {
			isa = PBXGroup;
			children = (
				964D98381AD05B8C000C82E0 /* Info.plist */,
				964D983C1AD05B8C000C82E0 /* main.m */,
			);
			name = "Supporting Files";
			sourceTree = "<group>";
		};
		964D985A1AD05C67000C82E0 /* SJSourceDemo */ = {
			isa = PBXGroup;
			children = (
				964D985B1AD05C67000C82E0 /* SJSourceDemo.h */,
				964D985C1AD05C67000C82E0 /* SJSourceDemo.m */,
			);
			path = SJSourceDemo;
			sourceTree = "<group>";
		};
		968AE1161BCEDF1D00927383 /* ZipArchive */ = {
			isa = PBXGroup;
			children = (
				968AE1181BCEDF1D00927383 /* Main.h */,
				968AE1191BCEDF1D00927383 /* Main.m */,
				968AE11A1BCEDF1D00927383 /* minizip */,
			);
			name = ZipArchive;
			path = ZipArchive/ZipArchive;
			sourceTree = "<group>";
		};
		968AE11A1BCEDF1D00927383 /* minizip */ = {
			isa = PBXGroup;
			children = (
				968AE11B1BCEDF1D00927383 /* crypt.h */,
				968AE11C1BCEDF1D00927383 /* ioapi.c */,
				968AE11D1BCEDF1D00927383 /* ioapi.h */,
				968AE11E1BCEDF1D00927383 /* mztools.c */,
				968AE11F1BCEDF1D00927383 /* mztools.h */,
				968AE1201BCEDF1D00927383 /* unzip.c */,
				968AE1211BCEDF1D00927383 /* unzip.h */,
				968AE1221BCEDF1D00927383 /* zip.c */,
				968AE1231BCEDF1D00927383 /* zip.h */,
			);
			path = minizip;
			sourceTree = "<group>";
		};
		96B9CA0D1AD3049600595DE3 /* WAYTheDarkSide */ = {
			isa = PBXGroup;
			children = (
				96D833751BCEDC7900815755 /* WAYTheDarkSide.h */,
				96D833761BCEDC7900815755 /* WAYTheDarkSide.m */,
			);
			path = WAYTheDarkSide;
			sourceTree = "<group>";
		};
		96B9CA111AD3149200595DE3 /* NSSharingServicePicker+ESSSharingServicePickerMenu */ = {
			isa = PBXGroup;
			children = (
				96B9CA121AD3149200595DE3 /* NSSharingServicePicker+ESSSharingServicePickerMenu.h */,
				96B9CA131AD3149200595DE3 /* NSSharingServicePicker+ESSSharingServicePickerMenu.m */,
			);
			path = "NSSharingServicePicker+ESSSharingServicePickerMenu";
			sourceTree = "<group>";
		};
/* End PBXGroup section */

/* Begin PBXNativeTarget section */
		964D98331AD05B8C000C82E0 /* CSGO Demo Manager */ = {
			isa = PBXNativeTarget;
			buildConfigurationList = 964D98511AD05B8C000C82E0 /* Build configuration list for PBXNativeTarget "CSGO Demo Manager" */;
			buildPhases = (
				964D98301AD05B8C000C82E0 /* Sources */,
				964D98311AD05B8C000C82E0 /* Frameworks */,
				964D98321AD05B8C000C82E0 /* Resources */,
				968AE1151BCEDE5700927383 /* Embed Frameworks */,
			);
			buildRules = (
			);
			dependencies = (
			);
			name = "CSGO Demo Manager";
			productName = "CS:GO Demo Manager";
			productReference = 964D98341AD05B8C000C82E0 /* CSGO Demo Manager.app */;
			productType = "com.apple.product-type.application";
		};
/* End PBXNativeTarget section */

/* Begin PBXProject section */
		964D982C1AD05B8C000C82E0 /* Project object */ = {
			isa = PBXProject;
			attributes = {
				LastUpgradeCheck = 0700;
				ORGANIZATIONNAME = "Sebastian Jachec";
				TargetAttributes = {
					964D98331AD05B8C000C82E0 = {
						CreatedOnToolsVersion = 6.2;
					};
				};
			};
			buildConfigurationList = 964D982F1AD05B8C000C82E0 /* Build configuration list for PBXProject "CS:GO Demo Manager" */;
			compatibilityVersion = "Xcode 3.2";
			developmentRegion = English;
			hasScannedForEncodings = 0;
			knownRegions = (
				en,
				Base,
			);
			mainGroup = 964D982B1AD05B8C000C82E0;
			productRefGroup = 964D98351AD05B8C000C82E0 /* Products */;
			projectDirPath = "";
			projectRoot = "";
			targets = (
				964D98331AD05B8C000C82E0 /* CSGO Demo Manager */,
			);
		};
/* End PBXProject section */

/* Begin PBXResourcesBuildPhase section */
		964D98321AD05B8C000C82E0 /* Resources */ = {
			isa = PBXResourcesBuildPhase;
			buildActionMask = 2147483647;
			files = (
				96B9CA061AD2C12E00595DE3 /* ud.plist in Resources */,
				964D98421AD05B8C000C82E0 /* MainMenu.xib in Resources */,
			);
			runOnlyForDeploymentPostprocessing = 0;
		};
/* End PBXResourcesBuildPhase section */

/* Begin PBXSourcesBuildPhase section */
		964D98301AD05B8C000C82E0 /* Sources */ = {
			isa = PBXSourcesBuildPhase;
			buildActionMask = 2147483647;
			files = (
				96E91BF81AD140E200076272 /* FilenameValueTransformer.m in Sources */,
				964D985D1AD05C67000C82E0 /* SJSourceDemo.m in Sources */,
				964D983D1AD05B8C000C82E0 /* main.m in Sources */,
				968AE12A1BCEDF1D00927383 /* zip.c in Sources */,
				96B9CA141AD3149200595DE3 /* NSSharingServicePicker+ESSSharingServicePickerMenu.m in Sources */,
				96D833771BCEDC7900815755 /* WAYTheDarkSide.m in Sources */,
				96E91BFB1AD14FD700076272 /* TableView.m in Sources */,
				968AE1271BCEDF1D00927383 /* ioapi.c in Sources */,
				964D98591AD05BC0000C82E0 /* AppController.m in Sources */,
				968AE1291BCEDF1D00927383 /* unzip.c in Sources */,
				965B285D1AD401FA00615110 /* ManualSharingService.m in Sources */,
				968AE1261BCEDF1D00927383 /* Main.m in Sources */,
				96B9CA091AD2CE3800595DE3 /* PathTransformer.m in Sources */,
				964D983B1AD05B8C000C82E0 /* AppDelegate.m in Sources */,
				968AE1281BCEDF1D00927383 /* mztools.c in Sources */,
			);
			runOnlyForDeploymentPostprocessing = 0;
		};
/* End PBXSourcesBuildPhase section */

/* Begin PBXVariantGroup section */
		964D98401AD05B8C000C82E0 /* MainMenu.xib */ = {
			isa = PBXVariantGroup;
			children = (
				964D98411AD05B8C000C82E0 /* Base */,
			);
			name = MainMenu.xib;
			sourceTree = "<group>";
		};
/* End PBXVariantGroup section */

/* Begin XCBuildConfiguration section */
		964D984F1AD05B8C000C82E0 /* Debug */ = {
			isa = XCBuildConfiguration;
			buildSettings = {
				ALWAYS_SEARCH_USER_PATHS = NO;
				CLANG_CXX_LANGUAGE_STANDARD = "gnu++0x";
				CLANG_CXX_LIBRARY = "libc++";
				CLANG_ENABLE_MODULES = YES;
				CLANG_ENABLE_OBJC_ARC = YES;
				CLANG_WARN_BOOL_CONVERSION = YES;
				CLANG_WARN_CONSTANT_CONVERSION = YES;
				CLANG_WARN_DIRECT_OBJC_ISA_USAGE = YES_ERROR;
				CLANG_WARN_EMPTY_BODY = YES;
				CLANG_WARN_ENUM_CONVERSION = YES;
				CLANG_WARN_INT_CONVERSION = YES;
				CLANG_WARN_OBJC_ROOT_CLASS = YES_ERROR;
				CLANG_WARN_UNREACHABLE_CODE = YES;
				CLANG_WARN__DUPLICATE_METHOD_MATCH = YES;
				CODE_SIGN_IDENTITY = "";
				COPY_PHASE_STRIP = NO;
				ENABLE_STRICT_OBJC_MSGSEND = YES;
				ENABLE_TESTABILITY = YES;
				GCC_C_LANGUAGE_STANDARD = gnu99;
				GCC_DYNAMIC_NO_PIC = NO;
				GCC_OPTIMIZATION_LEVEL = 0;
				GCC_PREPROCESSOR_DEFINITIONS = (
					"DEBUG=1",
					"$(inherited)",
				);
				GCC_SYMBOLS_PRIVATE_EXTERN = NO;
				GCC_WARN_64_TO_32_BIT_CONVERSION = YES;
				GCC_WARN_ABOUT_RETURN_TYPE = YES_ERROR;
				GCC_WARN_UNDECLARED_SELECTOR = YES;
				GCC_WARN_UNINITIALIZED_AUTOS = YES_AGGRESSIVE;
				GCC_WARN_UNUSED_FUNCTION = YES;
				GCC_WARN_UNUSED_VARIABLE = YES;
				MACOSX_DEPLOYMENT_TARGET = 10.10;
				MTL_ENABLE_DEBUG_INFO = YES;
				ONLY_ACTIVE_ARCH = YES;
				SDKROOT = macosx;
			};
			name = Debug;
		};
		964D98501AD05B8C000C82E0 /* Release */ = {
			isa = XCBuildConfiguration;
			buildSettings = {
				ALWAYS_SEARCH_USER_PATHS = NO;
				CLANG_CXX_LANGUAGE_STANDARD = "gnu++0x";
				CLANG_CXX_LIBRARY = "libc++";
				CLANG_ENABLE_MODULES = YES;
				CLANG_ENABLE_OBJC_ARC = YES;
				CLANG_WARN_BOOL_CONVERSION = YES;
				CLANG_WARN_CONSTANT_CONVERSION = YES;
				CLANG_WARN_DIRECT_OBJC_ISA_USAGE = YES_ERROR;
				CLANG_WARN_EMPTY_BODY = YES;
				CLANG_WARN_ENUM_CONVERSION = YES;
				CLANG_WARN_INT_CONVERSION = YES;
				CLANG_WARN_OBJC_ROOT_CLASS = YES_ERROR;
				CLANG_WARN_UNREACHABLE_CODE = YES;
				CLANG_WARN__DUPLICATE_METHOD_MATCH = YES;
				CODE_SIGN_IDENTITY = "";
				COPY_PHASE_STRIP = NO;
				DEBUG_INFORMATION_FORMAT = "dwarf-with-dsym";
				ENABLE_NS_ASSERTIONS = NO;
				ENABLE_STRICT_OBJC_MSGSEND = YES;
				GCC_C_LANGUAGE_STANDARD = gnu99;
				GCC_WARN_64_TO_32_BIT_CONVERSION = YES;
				GCC_WARN_ABOUT_RETURN_TYPE = YES_ERROR;
				GCC_WARN_UNDECLARED_SELECTOR = YES;
				GCC_WARN_UNINITIALIZED_AUTOS = YES_AGGRESSIVE;
				GCC_WARN_UNUSED_FUNCTION = YES;
				GCC_WARN_UNUSED_VARIABLE = YES;
				MACOSX_DEPLOYMENT_TARGET = 10.10;
				MTL_ENABLE_DEBUG_INFO = NO;
				SDKROOT = macosx;
			};
			name = Release;
		};
		964D98521AD05B8C000C82E0 /* Debug */ = {
			isa = XCBuildConfiguration;
			buildSettings = {
				CODE_SIGN_IDENTITY = "";
				COMBINE_HIDPI_IMAGES = YES;
				INFOPLIST_FILE = "CS:GO Demo Manager/Info.plist";
				LD_RUNPATH_SEARCH_PATHS = "$(inherited) @executable_path/../Frameworks";
				LIBRARY_SEARCH_PATHS = (
					"$(inherited)",
					"$(PROJECT_DIR)",
				);
				PRODUCT_BUNDLE_IDENTIFIER = "me.sebj.$(PRODUCT_NAME:rfc1034identifier)";
				PRODUCT_NAME = "$(TARGET_NAME)";
				USER_HEADER_SEARCH_PATHS = "";
			};
			name = Debug;
		};
		964D98531AD05B8C000C82E0 /* Release */ = {
			isa = XCBuildConfiguration;
			buildSettings = {
				CODE_SIGN_IDENTITY = "";
				COMBINE_HIDPI_IMAGES = YES;
				INFOPLIST_FILE = "CS:GO Demo Manager/Info.plist";
				LD_RUNPATH_SEARCH_PATHS = "$(inherited) @executable_path/../Frameworks";
				LIBRARY_SEARCH_PATHS = (
					"$(inherited)",
					"$(PROJECT_DIR)",
				);
				PRODUCT_BUNDLE_IDENTIFIER = "me.sebj.$(PRODUCT_NAME:rfc1034identifier)";
				PRODUCT_NAME = "$(TARGET_NAME)";
				USER_HEADER_SEARCH_PATHS = "";
			};
			name = Release;
		};
/* End XCBuildConfiguration section */

/* Begin XCConfigurationList section */
		964D982F1AD05B8C000C82E0 /* Build configuration list for PBXProject "CS:GO Demo Manager" */ = {
			isa = XCConfigurationList;
			buildConfigurations = (
				964D984F1AD05B8C000C82E0 /* Debug */,
				964D98501AD05B8C000C82E0 /* Release */,
			);
			defaultConfigurationIsVisible = 0;
			defaultConfigurationName = Release;
		};
		964D98511AD05B8C000C82E0 /* Build configuration list for PBXNativeTarget "CSGO Demo Manager" */ = {
			isa = XCConfigurationList;
			buildConfigurations = (
				964D98521AD05B8C000C82E0 /* Debug */,
				964D98531AD05B8C000C82E0 /* Release */,
			);
			defaultConfigurationIsVisible = 0;
			defaultConfigurationName = Release;
		};
/* End XCConfigurationList section */
	};
	rootObject = 964D982C1AD05B8C000C82E0 /* Project object */;
}
